// !$*UTF8*$!
{
	archiveVersion = 1;
	classes = {
	};
	objectVersion = 50;
	objects = {

/* Begin PBXBuildFile section */
		CEA74C6F229B12A80008811C /* Movie.swift in Sources */ = {isa = PBXBuildFile; fileRef = CEA74C6E229B12A80008811C /* Movie.swift */; };
		CEA74C71229B17700008811C /* Constant.swift in Sources */ = {isa = PBXBuildFile; fileRef = CEA74C70229B17700008811C /* Constant.swift */; };
		CEA74C75229B18E90008811C /* EndPointType.swift in Sources */ = {isa = PBXBuildFile; fileRef = CEA74C74229B18E90008811C /* EndPointType.swift */; };
		CEA74C78229B1A340008811C /* HTTPMethod.swift in Sources */ = {isa = PBXBuildFile; fileRef = CEA74C77229B1A340008811C /* HTTPMethod.swift */; };
		CEA74C7A229B1AA10008811C /* HTTPTask.swift in Sources */ = {isa = PBXBuildFile; fileRef = CEA74C79229B1AA10008811C /* HTTPTask.swift */; };
		CEA74C7D229B1B770008811C /* ParameterEncoding.swift in Sources */ = {isa = PBXBuildFile; fileRef = CEA74C7C229B1B760008811C /* ParameterEncoding.swift */; };
		CEA74C7F229B1E170008811C /* URLParameterEncoder.swift in Sources */ = {isa = PBXBuildFile; fileRef = CEA74C7E229B1E170008811C /* URLParameterEncoder.swift */; };
		CEE4B14222822D5100FF4FB8 /* AppDelegate.swift in Sources */ = {isa = PBXBuildFile; fileRef = CEE4B14122822D5100FF4FB8 /* AppDelegate.swift */; };
		CEE4B14422822D5100FF4FB8 /* MovieController.swift in Sources */ = {isa = PBXBuildFile; fileRef = CEE4B14322822D5100FF4FB8 /* MovieController.swift */; };
		CEE4B14722822D5100FF4FB8 /* Main.storyboard in Resources */ = {isa = PBXBuildFile; fileRef = CEE4B14522822D5100FF4FB8 /* Main.storyboard */; };
		CEE4B14922822D5300FF4FB8 /* Assets.xcassets in Resources */ = {isa = PBXBuildFile; fileRef = CEE4B14822822D5300FF4FB8 /* Assets.xcassets */; };
		CEE4B14C22822D5300FF4FB8 /* LaunchScreen.storyboard in Resources */ = {isa = PBXBuildFile; fileRef = CEE4B14A22822D5300FF4FB8 /* LaunchScreen.storyboard */; };
		CEE4B15722822D5400FF4FB8 /* OneFiMoviesTests.swift in Sources */ = {isa = PBXBuildFile; fileRef = CEE4B15622822D5400FF4FB8 /* OneFiMoviesTests.swift */; };
		CEE4B16222822D5400FF4FB8 /* OneFiMoviesUITests.swift in Sources */ = {isa = PBXBuildFile; fileRef = CEE4B16122822D5400FF4FB8 /* OneFiMoviesUITests.swift */; };
		CEEC4449229DCB5E009CD548 /* JSONParameterEncoder.swift in Sources */ = {isa = PBXBuildFile; fileRef = CEEC4448229DCB5D009CD548 /* JSONParameterEncoder.swift */; };
		CEEC444B229DCFF8009CD548 /* NetworkRouter.swift in Sources */ = {isa = PBXBuildFile; fileRef = CEEC444A229DCFF8009CD548 /* NetworkRouter.swift */; };
		CEEC444D229DD124009CD548 /* Router.swift in Sources */ = {isa = PBXBuildFile; fileRef = CEEC444C229DD124009CD548 /* Router.swift */; };
		CEEC444F229DD66D009CD548 /* MovieEndPoint.swift in Sources */ = {isa = PBXBuildFile; fileRef = CEEC444E229DD66D009CD548 /* MovieEndPoint.swift */; };
		CEEC4452229DD851009CD548 /* NetworkManager.swift in Sources */ = {isa = PBXBuildFile; fileRef = CEEC4451229DD851009CD548 /* NetworkManager.swift */; };
		CEEC4454229DDAC0009CD548 /* MovieViewModel.swift in Sources */ = {isa = PBXBuildFile; fileRef = CEEC4453229DDAC0009CD548 /* MovieViewModel.swift */; };
		CEEC4456229DEEF5009CD548 /* NetworkLogger.swift in Sources */ = {isa = PBXBuildFile; fileRef = CEEC4455229DEEF5009CD548 /* NetworkLogger.swift */; };
		CEEC445A229DF62A009CD548 /* MovieCell.swift in Sources */ = {isa = PBXBuildFile; fileRef = CEEC4458229DF62A009CD548 /* MovieCell.swift */; };
		CEEC445B229DF62A009CD548 /* MovieCell.xib in Resources */ = {isa = PBXBuildFile; fileRef = CEEC4459229DF62A009CD548 /* MovieCell.xib */; };
		CEEC445D229DF7FF009CD548 /* CollectionViewController.swift in Sources */ = {isa = PBXBuildFile; fileRef = CEEC445C229DF7FF009CD548 /* CollectionViewController.swift */; };
		CEEC445F229DF9FD009CD548 /* NSCoder.swift in Sources */ = {isa = PBXBuildFile; fileRef = CEEC445E229DF9FD009CD548 /* NSCoder.swift */; };
		CEEC4461229DFB98009CD548 /* UITableView + Extension.swift in Sources */ = {isa = PBXBuildFile; fileRef = CEEC4460229DFB98009CD548 /* UITableView + Extension.swift */; };
		CEEC4463229DFBC1009CD548 /* UICollectionView + Extension.swift in Sources */ = {isa = PBXBuildFile; fileRef = CEEC4462229DFBC1009CD548 /* UICollectionView + Extension.swift */; };
/* End PBXBuildFile section */

/* Begin PBXContainerItemProxy section */
		CEE4B15322822D5400FF4FB8 /* PBXContainerItemProxy */ = {
			isa = PBXContainerItemProxy;
			containerPortal = CEE4B13622822D5000FF4FB8 /* Project object */;
			proxyType = 1;
			remoteGlobalIDString = CEE4B13D22822D5000FF4FB8;
			remoteInfo = OneFiMovies;
		};
		CEE4B15E22822D5400FF4FB8 /* PBXContainerItemProxy */ = {
			isa = PBXContainerItemProxy;
			containerPortal = CEE4B13622822D5000FF4FB8 /* Project object */;
			proxyType = 1;
			remoteGlobalIDString = CEE4B13D22822D5000FF4FB8;
			remoteInfo = OneFiMovies;
		};
/* End PBXContainerItemProxy section */

/* Begin PBXFileReference section */
		CEA74C6E229B12A80008811C /* Movie.swift */ = {isa = PBXFileReference; lastKnownFileType = sourcecode.swift; path = Movie.swift; sourceTree = "<group>"; };
		CEA74C70229B17700008811C /* Constant.swift */ = {isa = PBXFileReference; lastKnownFileType = sourcecode.swift; path = Constant.swift; sourceTree = "<group>"; };
		CEA74C74229B18E90008811C /* EndPointType.swift */ = {isa = PBXFileReference; lastKnownFileType = sourcecode.swift; path = EndPointType.swift; sourceTree = "<group>"; };
		CEA74C77229B1A340008811C /* HTTPMethod.swift */ = {isa = PBXFileReference; lastKnownFileType = sourcecode.swift; path = HTTPMethod.swift; sourceTree = "<group>"; };
		CEA74C79229B1AA10008811C /* HTTPTask.swift */ = {isa = PBXFileReference; lastKnownFileType = sourcecode.swift; path = HTTPTask.swift; sourceTree = "<group>"; };
		CEA74C7C229B1B760008811C /* ParameterEncoding.swift */ = {isa = PBXFileReference; lastKnownFileType = sourcecode.swift; path = ParameterEncoding.swift; sourceTree = "<group>"; };
		CEA74C7E229B1E170008811C /* URLParameterEncoder.swift */ = {isa = PBXFileReference; lastKnownFileType = sourcecode.swift; path = URLParameterEncoder.swift; sourceTree = "<group>"; };
		CEE4B13E22822D5000FF4FB8 /* OneFiMovies.app */ = {isa = PBXFileReference; explicitFileType = wrapper.application; includeInIndex = 0; path = OneFiMovies.app; sourceTree = BUILT_PRODUCTS_DIR; };
		CEE4B14122822D5100FF4FB8 /* AppDelegate.swift */ = {isa = PBXFileReference; lastKnownFileType = sourcecode.swift; path = AppDelegate.swift; sourceTree = "<group>"; };
		CEE4B14322822D5100FF4FB8 /* MovieController.swift */ = {isa = PBXFileReference; lastKnownFileType = sourcecode.swift; path = MovieController.swift; sourceTree = "<group>"; };
		CEE4B14622822D5100FF4FB8 /* Base */ = {isa = PBXFileReference; lastKnownFileType = file.storyboard; name = Base; path = Base.lproj/Main.storyboard; sourceTree = "<group>"; };
		CEE4B14822822D5300FF4FB8 /* Assets.xcassets */ = {isa = PBXFileReference; lastKnownFileType = folder.assetcatalog; path = Assets.xcassets; sourceTree = "<group>"; };
		CEE4B14B22822D5300FF4FB8 /* Base */ = {isa = PBXFileReference; lastKnownFileType = file.storyboard; name = Base; path = Base.lproj/LaunchScreen.storyboard; sourceTree = "<group>"; };
		CEE4B14D22822D5300FF4FB8 /* Info.plist */ = {isa = PBXFileReference; lastKnownFileType = text.plist.xml; path = Info.plist; sourceTree = "<group>"; };
		CEE4B15222822D5400FF4FB8 /* OneFiMoviesTests.xctest */ = {isa = PBXFileReference; explicitFileType = wrapper.cfbundle; includeInIndex = 0; path = OneFiMoviesTests.xctest; sourceTree = BUILT_PRODUCTS_DIR; };
		CEE4B15622822D5400FF4FB8 /* OneFiMoviesTests.swift */ = {isa = PBXFileReference; lastKnownFileType = sourcecode.swift; path = OneFiMoviesTests.swift; sourceTree = "<group>"; };
		CEE4B15822822D5400FF4FB8 /* Info.plist */ = {isa = PBXFileReference; lastKnownFileType = text.plist.xml; path = Info.plist; sourceTree = "<group>"; };
		CEE4B15D22822D5400FF4FB8 /* OneFiMoviesUITests.xctest */ = {isa = PBXFileReference; explicitFileType = wrapper.cfbundle; includeInIndex = 0; path = OneFiMoviesUITests.xctest; sourceTree = BUILT_PRODUCTS_DIR; };
		CEE4B16122822D5400FF4FB8 /* OneFiMoviesUITests.swift */ = {isa = PBXFileReference; lastKnownFileType = sourcecode.swift; path = OneFiMoviesUITests.swift; sourceTree = "<group>"; };
		CEE4B16322822D5400FF4FB8 /* Info.plist */ = {isa = PBXFileReference; lastKnownFileType = text.plist.xml; path = Info.plist; sourceTree = "<group>"; };
		CEEC4448229DCB5D009CD548 /* JSONParameterEncoder.swift */ = {isa = PBXFileReference; lastKnownFileType = sourcecode.swift; path = JSONParameterEncoder.swift; sourceTree = "<group>"; };
		CEEC444A229DCFF8009CD548 /* NetworkRouter.swift */ = {isa = PBXFileReference; lastKnownFileType = sourcecode.swift; path = NetworkRouter.swift; sourceTree = "<group>"; };
		CEEC444C229DD124009CD548 /* Router.swift */ = {isa = PBXFileReference; lastKnownFileType = sourcecode.swift; path = Router.swift; sourceTree = "<group>"; };
		CEEC444E229DD66D009CD548 /* MovieEndPoint.swift */ = {isa = PBXFileReference; lastKnownFileType = sourcecode.swift; path = MovieEndPoint.swift; sourceTree = "<group>"; };
		CEEC4451229DD851009CD548 /* NetworkManager.swift */ = {isa = PBXFileReference; lastKnownFileType = sourcecode.swift; path = NetworkManager.swift; sourceTree = "<group>"; };
		CEEC4453229DDAC0009CD548 /* MovieViewModel.swift */ = {isa = PBXFileReference; lastKnownFileType = sourcecode.swift; path = MovieViewModel.swift; sourceTree = "<group>"; };
		CEEC4455229DEEF5009CD548 /* NetworkLogger.swift */ = {isa = PBXFileReference; lastKnownFileType = sourcecode.swift; path = NetworkLogger.swift; sourceTree = "<group>"; };
		CEEC4458229DF62A009CD548 /* MovieCell.swift */ = {isa = PBXFileReference; lastKnownFileType = sourcecode.swift; path = MovieCell.swift; sourceTree = "<group>"; };
		CEEC4459229DF62A009CD548 /* MovieCell.xib */ = {isa = PBXFileReference; lastKnownFileType = file.xib; path = MovieCell.xib; sourceTree = "<group>"; };
		CEEC445C229DF7FF009CD548 /* CollectionViewController.swift */ = {isa = PBXFileReference; lastKnownFileType = sourcecode.swift; path = CollectionViewController.swift; sourceTree = "<group>"; };
		CEEC445E229DF9FD009CD548 /* NSCoder.swift */ = {isa = PBXFileReference; lastKnownFileType = sourcecode.swift; path = NSCoder.swift; sourceTree = "<group>"; };
		CEEC4460229DFB98009CD548 /* UITableView + Extension.swift */ = {isa = PBXFileReference; lastKnownFileType = sourcecode.swift; path = "UITableView + Extension.swift"; sourceTree = "<group>"; };
		CEEC4462229DFBC1009CD548 /* UICollectionView + Extension.swift */ = {isa = PBXFileReference; lastKnownFileType = sourcecode.swift; path = "UICollectionView + Extension.swift"; sourceTree = "<group>"; };
/* End PBXFileReference section */

/* Begin PBXFrameworksBuildPhase section */
		CEE4B13B22822D5000FF4FB8 /* Frameworks */ = {
			isa = PBXFrameworksBuildPhase;
			buildActionMask = 2147483647;
			files = (
			);
			runOnlyForDeploymentPostprocessing = 0;
		};
		CEE4B14F22822D5400FF4FB8 /* Frameworks */ = {
			isa = PBXFrameworksBuildPhase;
			buildActionMask = 2147483647;
			files = (
			);
			runOnlyForDeploymentPostprocessing = 0;
		};
		CEE4B15A22822D5400FF4FB8 /* Frameworks */ = {
			isa = PBXFrameworksBuildPhase;
			buildActionMask = 2147483647;
			files = (
			);
			runOnlyForDeploymentPostprocessing = 0;
		};
/* End PBXFrameworksBuildPhase section */

/* Begin PBXGroup section */
		CEA74C72229B18C30008811C /* Networking */ = {
			isa = PBXGroup;
			children = (
				CEEC4450229DD836009CD548 /* Manager */,
				CEA74C7B229B1B6C0008811C /* Encoding */,
				CEA74C76229B1A1D0008811C /* Service */,
				CEA74C73229B18D60008811C /* Endpoint */,
			);
			path = Networking;
			sourceTree = "<group>";
		};
		CEA74C73229B18D60008811C /* Endpoint */ = {
			isa = PBXGroup;
			children = (
				CEA74C74229B18E90008811C /* EndPointType.swift */,
				CEEC444E229DD66D009CD548 /* MovieEndPoint.swift */,
			);
			path = Endpoint;
			sourceTree = "<group>";
		};
		CEA74C76229B1A1D0008811C /* Service */ = {
			isa = PBXGroup;
			children = (
				CEA74C77229B1A340008811C /* HTTPMethod.swift */,
				CEA74C79229B1AA10008811C /* HTTPTask.swift */,
				CEEC444A229DCFF8009CD548 /* NetworkRouter.swift */,
				CEEC444C229DD124009CD548 /* Router.swift */,
				CEEC4455229DEEF5009CD548 /* NetworkLogger.swift */,
			);
			path = Service;
			sourceTree = "<group>";
		};
		CEA74C7B229B1B6C0008811C /* Encoding */ = {
			isa = PBXGroup;
			children = (
				CEA74C7C229B1B760008811C /* ParameterEncoding.swift */,
				CEA74C7E229B1E170008811C /* URLParameterEncoder.swift */,
				CEEC4448229DCB5D009CD548 /* JSONParameterEncoder.swift */,
			);
			path = Encoding;
			sourceTree = "<group>";
		};
		CEE4B13522822D5000FF4FB8 = {
			isa = PBXGroup;
			children = (
				CEE4B14022822D5000FF4FB8 /* OneFiMovies */,
				CEE4B15522822D5400FF4FB8 /* OneFiMoviesTests */,
				CEE4B16022822D5400FF4FB8 /* OneFiMoviesUITests */,
				CEE4B13F22822D5000FF4FB8 /* Products */,
			);
			sourceTree = "<group>";
		};
		CEE4B13F22822D5000FF4FB8 /* Products */ = {
			isa = PBXGroup;
			children = (
				CEE4B13E22822D5000FF4FB8 /* OneFiMovies.app */,
				CEE4B15222822D5400FF4FB8 /* OneFiMoviesTests.xctest */,
				CEE4B15D22822D5400FF4FB8 /* OneFiMoviesUITests.xctest */,
			);
			name = Products;
			sourceTree = "<group>";
		};
		CEE4B14022822D5000FF4FB8 /* OneFiMovies */ = {
			isa = PBXGroup;
			children = (
				CEA74C72229B18C30008811C /* Networking */,
				CEE4B17722822DB600FF4FB8 /* Resources */,
				CEE4B17622822DAC00FF4FB8 /* Config */,
				CEE4B17422822D9700FF4FB8 /* UI */,
				CEE4B17322822D8200FF4FB8 /* Extensions */,
				CEE4B17222822D7D00FF4FB8 /* Model */,
				CEE4B17122822D7300FF4FB8 /* View Controller */,
				CEE4B17022822D6C00FF4FB8 /* View Model */,
				CEE4B16F22822D6600FF4FB8 /* App */,
			);
			path = OneFiMovies;
			sourceTree = "<group>";
		};
		CEE4B15522822D5400FF4FB8 /* OneFiMoviesTests */ = {
			isa = PBXGroup;
			children = (
				CEE4B15622822D5400FF4FB8 /* OneFiMoviesTests.swift */,
				CEE4B15822822D5400FF4FB8 /* Info.plist */,
			);
			path = OneFiMoviesTests;
			sourceTree = "<group>";
		};
		CEE4B16022822D5400FF4FB8 /* OneFiMoviesUITests */ = {
			isa = PBXGroup;
			children = (
				CEE4B16122822D5400FF4FB8 /* OneFiMoviesUITests.swift */,
				CEE4B16322822D5400FF4FB8 /* Info.plist */,
			);
			path = OneFiMoviesUITests;
			sourceTree = "<group>";
		};
		CEE4B16F22822D6600FF4FB8 /* App */ = {
			isa = PBXGroup;
			children = (
				CEE4B14122822D5100FF4FB8 /* AppDelegate.swift */,
				CEA74C70229B17700008811C /* Constant.swift */,
			);
			path = App;
			sourceTree = "<group>";
		};
		CEE4B17022822D6C00FF4FB8 /* View Model */ = {
			isa = PBXGroup;
			children = (
				CEEC4453229DDAC0009CD548 /* MovieViewModel.swift */,
			);
			path = "View Model";
			sourceTree = "<group>";
		};
		CEE4B17122822D7300FF4FB8 /* View Controller */ = {
			isa = PBXGroup;
			children = (
				CEE4B14322822D5100FF4FB8 /* MovieController.swift */,
				CEEC445C229DF7FF009CD548 /* CollectionViewController.swift */,
			);
			path = "View Controller";
			sourceTree = "<group>";
		};
		CEE4B17222822D7D00FF4FB8 /* Model */ = {
			isa = PBXGroup;
			children = (
				CEA74C6E229B12A80008811C /* Movie.swift */,
			);
			path = Model;
			sourceTree = "<group>";
		};
		CEE4B17322822D8200FF4FB8 /* Extensions */ = {
			isa = PBXGroup;
			children = (
				CEEC445E229DF9FD009CD548 /* NSCoder.swift */,
				CEEC4460229DFB98009CD548 /* UITableView + Extension.swift */,
				CEEC4462229DFBC1009CD548 /* UICollectionView + Extension.swift */,
			);
			path = Extensions;
			sourceTree = "<group>";
		};
		CEE4B17422822D9700FF4FB8 /* UI */ = {
			isa = PBXGroup;
			children = (
				CEEC4457229DF60B009CD548 /* Cells */,
				CEE4B17522822D9B00FF4FB8 /* Storyboard */,
			);
			path = UI;
			sourceTree = "<group>";
		};
		CEE4B17522822D9B00FF4FB8 /* Storyboard */ = {
			isa = PBXGroup;
			children = (
				CEE4B14522822D5100FF4FB8 /* Main.storyboard */,
				CEE4B14A22822D5300FF4FB8 /* LaunchScreen.storyboard */,
			);
			path = Storyboard;
			sourceTree = "<group>";
		};
		CEE4B17622822DAC00FF4FB8 /* Config */ = {
			isa = PBXGroup;
			children = (
				CEE4B14D22822D5300FF4FB8 /* Info.plist */,
			);
			path = Config;
			sourceTree = "<group>";
		};
		CEE4B17722822DB600FF4FB8 /* Resources */ = {
			isa = PBXGroup;
			children = (
				CEE4B14822822D5300FF4FB8 /* Assets.xcassets */,
			);
			path = Resources;
			sourceTree = "<group>";
		};
		CEEC4450229DD836009CD548 /* Manager */ = {
			isa = PBXGroup;
			children = (
				CEEC4451229DD851009CD548 /* NetworkManager.swift */,
			);
			path = Manager;
			sourceTree = "<group>";
		};
		CEEC4457229DF60B009CD548 /* Cells */ = {
			isa = PBXGroup;
			children = (
				CEEC4458229DF62A009CD548 /* MovieCell.swift */,
				CEEC4459229DF62A009CD548 /* MovieCell.xib */,
			);
			path = Cells;
			sourceTree = "<group>";
		};
/* End PBXGroup section */

/* Begin PBXNativeTarget section */
		CEE4B13D22822D5000FF4FB8 /* OneFiMovies */ = {
			isa = PBXNativeTarget;
			buildConfigurationList = CEE4B16622822D5400FF4FB8 /* Build configuration list for PBXNativeTarget "OneFiMovies" */;
			buildPhases = (
				CEE4B13A22822D5000FF4FB8 /* Sources */,
				CEE4B13B22822D5000FF4FB8 /* Frameworks */,
				CEE4B13C22822D5000FF4FB8 /* Resources */,
			);
			buildRules = (
			);
			dependencies = (
			);
			name = OneFiMovies;
			productName = OneFiMovies;
			productReference = CEE4B13E22822D5000FF4FB8 /* OneFiMovies.app */;
			productType = "com.apple.product-type.application";
		};
		CEE4B15122822D5400FF4FB8 /* OneFiMoviesTests */ = {
			isa = PBXNativeTarget;
			buildConfigurationList = CEE4B16922822D5400FF4FB8 /* Build configuration list for PBXNativeTarget "OneFiMoviesTests" */;
			buildPhases = (
				CEE4B14E22822D5400FF4FB8 /* Sources */,
				CEE4B14F22822D5400FF4FB8 /* Frameworks */,
				CEE4B15022822D5400FF4FB8 /* Resources */,
			);
			buildRules = (
			);
			dependencies = (
				CEE4B15422822D5400FF4FB8 /* PBXTargetDependency */,
			);
			name = OneFiMoviesTests;
			productName = OneFiMoviesTests;
			productReference = CEE4B15222822D5400FF4FB8 /* OneFiMoviesTests.xctest */;
			productType = "com.apple.product-type.bundle.unit-test";
		};
		CEE4B15C22822D5400FF4FB8 /* OneFiMoviesUITests */ = {
			isa = PBXNativeTarget;
			buildConfigurationList = CEE4B16C22822D5400FF4FB8 /* Build configuration list for PBXNativeTarget "OneFiMoviesUITests" */;
			buildPhases = (
				CEE4B15922822D5400FF4FB8 /* Sources */,
				CEE4B15A22822D5400FF4FB8 /* Frameworks */,
				CEE4B15B22822D5400FF4FB8 /* Resources */,
			);
			buildRules = (
			);
			dependencies = (
				CEE4B15F22822D5400FF4FB8 /* PBXTargetDependency */,
			);
			name = OneFiMoviesUITests;
			productName = OneFiMoviesUITests;
			productReference = CEE4B15D22822D5400FF4FB8 /* OneFiMoviesUITests.xctest */;
			productType = "com.apple.product-type.bundle.ui-testing";
		};
/* End PBXNativeTarget section */

/* Begin PBXProject section */
		CEE4B13622822D5000FF4FB8 /* Project object */ = {
			isa = PBXProject;
			attributes = {
				LastSwiftUpdateCheck = 1010;
				LastUpgradeCheck = 1010;
				ORGANIZATIONNAME = "Perfect Aduh";
				TargetAttributes = {
					CEE4B13D22822D5000FF4FB8 = {
						CreatedOnToolsVersion = 10.1;
					};
					CEE4B15122822D5400FF4FB8 = {
						CreatedOnToolsVersion = 10.1;
						TestTargetID = CEE4B13D22822D5000FF4FB8;
					};
					CEE4B15C22822D5400FF4FB8 = {
						CreatedOnToolsVersion = 10.1;
						TestTargetID = CEE4B13D22822D5000FF4FB8;
					};
				};
			};
			buildConfigurationList = CEE4B13922822D5000FF4FB8 /* Build configuration list for PBXProject "OneFiMovies" */;
			compatibilityVersion = "Xcode 9.3";
			developmentRegion = en;
			hasScannedForEncodings = 0;
			knownRegions = (
				en,
				Base,
			);
			mainGroup = CEE4B13522822D5000FF4FB8;
			productRefGroup = CEE4B13F22822D5000FF4FB8 /* Products */;
			projectDirPath = "";
			projectRoot = "";
			targets = (
				CEE4B13D22822D5000FF4FB8 /* OneFiMovies */,
				CEE4B15122822D5400FF4FB8 /* OneFiMoviesTests */,
				CEE4B15C22822D5400FF4FB8 /* OneFiMoviesUITests */,
			);
		};
/* End PBXProject section */

/* Begin PBXResourcesBuildPhase section */
		CEE4B13C22822D5000FF4FB8 /* Resources */ = {
			isa = PBXResourcesBuildPhase;
			buildActionMask = 2147483647;
			files = (
				CEE4B14C22822D5300FF4FB8 /* LaunchScreen.storyboard in Resources */,
				CEE4B14922822D5300FF4FB8 /* Assets.xcassets in Resources */,
				CEEC445B229DF62A009CD548 /* MovieCell.xib in Resources */,
				CEE4B14722822D5100FF4FB8 /* Main.storyboard in Resources */,
			);
			runOnlyForDeploymentPostprocessing = 0;
		};
		CEE4B15022822D5400FF4FB8 /* Resources */ = {
			isa = PBXResourcesBuildPhase;
			buildActionMask = 2147483647;
			files = (
			);
			runOnlyForDeploymentPostprocessing = 0;
		};
		CEE4B15B22822D5400FF4FB8 /* Resources */ = {
			isa = PBXResourcesBuildPhase;
			buildActionMask = 2147483647;
			files = (
			);
			runOnlyForDeploymentPostprocessing = 0;
		};
/* End PBXResourcesBuildPhase section */

/* Begin PBXSourcesBuildPhase section */
		CEE4B13A22822D5000FF4FB8 /* Sources */ = {
			isa = PBXSourcesBuildPhase;
			buildActionMask = 2147483647;
			files = (
				CEEC445D229DF7FF009CD548 /* CollectionViewController.swift in Sources */,
				CEA74C7D229B1B770008811C /* ParameterEncoding.swift in Sources */,
				CEEC445A229DF62A009CD548 /* MovieCell.swift in Sources */,
				CEE4B14422822D5100FF4FB8 /* MovieController.swift in Sources */,
				CEA74C78229B1A340008811C /* HTTPMethod.swift in Sources */,
				CEEC4449229DCB5E009CD548 /* JSONParameterEncoder.swift in Sources */,
				CEEC444B229DCFF8009CD548 /* NetworkRouter.swift in Sources */,
				CEA74C75229B18E90008811C /* EndPointType.swift in Sources */,
				CEA74C7A229B1AA10008811C /* HTTPTask.swift in Sources */,
				CEA74C71229B17700008811C /* Constant.swift in Sources */,
				CEA74C6F229B12A80008811C /* Movie.swift in Sources */,
				CEA74C7F229B1E170008811C /* URLParameterEncoder.swift in Sources */,
				CEEC4454229DDAC0009CD548 /* MovieViewModel.swift in Sources */,
				CEEC4461229DFB98009CD548 /* UITableView + Extension.swift in Sources */,
				CEEC444F229DD66D009CD548 /* MovieEndPoint.swift in Sources */,
				CEEC4463229DFBC1009CD548 /* UICollectionView + Extension.swift in Sources */,
				CEEC4452229DD851009CD548 /* NetworkManager.swift in Sources */,
				CEE4B14222822D5100FF4FB8 /* AppDelegate.swift in Sources */,
				CEEC445F229DF9FD009CD548 /* NSCoder.swift in Sources */,
				CEEC4456229DEEF5009CD548 /* NetworkLogger.swift in Sources */,
				CEEC444D229DD124009CD548 /* Router.swift in Sources */,
			);
			runOnlyForDeploymentPostprocessing = 0;
		};
		CEE4B14E22822D5400FF4FB8 /* Sources */ = {
			isa = PBXSourcesBuildPhase;
			buildActionMask = 2147483647;
			files = (
				CEE4B15722822D5400FF4FB8 /* OneFiMoviesTests.swift in Sources */,
			);
			runOnlyForDeploymentPostprocessing = 0;
		};
		CEE4B15922822D5400FF4FB8 /* Sources */ = {
			isa = PBXSourcesBuildPhase;
			buildActionMask = 2147483647;
			files = (
				CEE4B16222822D5400FF4FB8 /* OneFiMoviesUITests.swift in Sources */,
			);
			runOnlyForDeploymentPostprocessing = 0;
		};
/* End PBXSourcesBuildPhase section */

/* Begin PBXTargetDependency section */
		CEE4B15422822D5400FF4FB8 /* PBXTargetDependency */ = {
			isa = PBXTargetDependency;
			target = CEE4B13D22822D5000FF4FB8 /* OneFiMovies */;
			targetProxy = CEE4B15322822D5400FF4FB8 /* PBXContainerItemProxy */;
		};
		CEE4B15F22822D5400FF4FB8 /* PBXTargetDependency */ = {
			isa = PBXTargetDependency;
			target = CEE4B13D22822D5000FF4FB8 /* OneFiMovies */;
			targetProxy = CEE4B15E22822D5400FF4FB8 /* PBXContainerItemProxy */;
		};
/* End PBXTargetDependency section */

/* Begin PBXVariantGroup section */
		CEE4B14522822D5100FF4FB8 /* Main.storyboard */ = {
			isa = PBXVariantGroup;
			children = (
				CEE4B14622822D5100FF4FB8 /* Base */,
			);
			name = Main.storyboard;
			sourceTree = "<group>";
		};
		CEE4B14A22822D5300FF4FB8 /* LaunchScreen.storyboard */ = {
			isa = PBXVariantGroup;
			children = (
				CEE4B14B22822D5300FF4FB8 /* Base */,
			);
			name = LaunchScreen.storyboard;
			sourceTree = "<group>";
		};
/* End PBXVariantGroup section */

/* Begin XCBuildConfiguration section */
		CEE4B16422822D5400FF4FB8 /* Debug */ = {
			isa = XCBuildConfiguration;
			buildSettings = {
				ALWAYS_SEARCH_USER_PATHS = NO;
				CLANG_ANALYZER_NONNULL = YES;
				CLANG_ANALYZER_NUMBER_OBJECT_CONVERSION = YES_AGGRESSIVE;
				CLANG_CXX_LANGUAGE_STANDARD = "gnu++14";
				CLANG_CXX_LIBRARY = "libc++";
				CLANG_ENABLE_MODULES = YES;
				CLANG_ENABLE_OBJC_ARC = YES;
				CLANG_ENABLE_OBJC_WEAK = YES;
				CLANG_WARN_BLOCK_CAPTURE_AUTORELEASING = YES;
				CLANG_WARN_BOOL_CONVERSION = YES;
				CLANG_WARN_COMMA = YES;
				CLANG_WARN_CONSTANT_CONVERSION = YES;
				CLANG_WARN_DEPRECATED_OBJC_IMPLEMENTATIONS = YES;
				CLANG_WARN_DIRECT_OBJC_ISA_USAGE = YES_ERROR;
				CLANG_WARN_DOCUMENTATION_COMMENTS = YES;
				CLANG_WARN_EMPTY_BODY = YES;
				CLANG_WARN_ENUM_CONVERSION = YES;
				CLANG_WARN_INFINITE_RECURSION = YES;
				CLANG_WARN_INT_CONVERSION = YES;
				CLANG_WARN_NON_LITERAL_NULL_CONVERSION = YES;
				CLANG_WARN_OBJC_IMPLICIT_RETAIN_SELF = YES;
				CLANG_WARN_OBJC_LITERAL_CONVERSION = YES;
				CLANG_WARN_OBJC_ROOT_CLASS = YES_ERROR;
				CLANG_WARN_RANGE_LOOP_ANALYSIS = YES;
				CLANG_WARN_STRICT_PROTOTYPES = YES;
				CLANG_WARN_SUSPICIOUS_MOVE = YES;
				CLANG_WARN_UNGUARDED_AVAILABILITY = YES_AGGRESSIVE;
				CLANG_WARN_UNREACHABLE_CODE = YES;
				CLANG_WARN__DUPLICATE_METHOD_MATCH = YES;
				CODE_SIGN_IDENTITY = "iPhone Developer";
				COPY_PHASE_STRIP = NO;
				DEBUG_INFORMATION_FORMAT = dwarf;
				ENABLE_STRICT_OBJC_MSGSEND = YES;
				ENABLE_TESTABILITY = YES;
				GCC_C_LANGUAGE_STANDARD = gnu11;
				GCC_DYNAMIC_NO_PIC = NO;
				GCC_NO_COMMON_BLOCKS = YES;
				GCC_OPTIMIZATION_LEVEL = 0;
				GCC_PREPROCESSOR_DEFINITIONS = (
					"DEBUG=1",
					"$(inherited)",
				);
				GCC_WARN_64_TO_32_BIT_CONVERSION = YES;
				GCC_WARN_ABOUT_RETURN_TYPE = YES_ERROR;
				GCC_WARN_UNDECLARED_SELECTOR = YES;
				GCC_WARN_UNINITIALIZED_AUTOS = YES_AGGRESSIVE;
				GCC_WARN_UNUSED_FUNCTION = YES;
				GCC_WARN_UNUSED_VARIABLE = YES;
				IPHONEOS_DEPLOYMENT_TARGET = 12.1;
				MTL_ENABLE_DEBUG_INFO = INCLUDE_SOURCE;
				MTL_FAST_MATH = YES;
				ONLY_ACTIVE_ARCH = YES;
				SDKROOT = iphoneos;
				SWIFT_ACTIVE_COMPILATION_CONDITIONS = DEBUG;
				SWIFT_OPTIMIZATION_LEVEL = "-Onone";
			};
			name = Debug;
		};
		CEE4B16522822D5400FF4FB8 /* Release */ = {
			isa = XCBuildConfiguration;
			buildSettings = {
				ALWAYS_SEARCH_USER_PATHS = NO;
				CLANG_ANALYZER_NONNULL = YES;
				CLANG_ANALYZER_NUMBER_OBJECT_CONVERSION = YES_AGGRESSIVE;
				CLANG_CXX_LANGUAGE_STANDARD = "gnu++14";
				CLANG_CXX_LIBRARY = "libc++";
				CLANG_ENABLE_MODULES = YES;
				CLANG_ENABLE_OBJC_ARC = YES;
				CLANG_ENABLE_OBJC_WEAK = YES;
				CLANG_WARN_BLOCK_CAPTURE_AUTORELEASING = YES;
				CLANG_WARN_BOOL_CONVERSION = YES;
				CLANG_WARN_COMMA = YES;
				CLANG_WARN_CONSTANT_CONVERSION = YES;
				CLANG_WARN_DEPRECATED_OBJC_IMPLEMENTATIONS = YES;
				CLANG_WARN_DIRECT_OBJC_ISA_USAGE = YES_ERROR;
				CLANG_WARN_DOCUMENTATION_COMMENTS = YES;
				CLANG_WARN_EMPTY_BODY = YES;
				CLANG_WARN_ENUM_CONVERSION = YES;
				CLANG_WARN_INFINITE_RECURSION = YES;
				CLANG_WARN_INT_CONVERSION = YES;
				CLANG_WARN_NON_LITERAL_NULL_CONVERSION = YES;
				CLANG_WARN_OBJC_IMPLICIT_RETAIN_SELF = YES;
				CLANG_WARN_OBJC_LITERAL_CONVERSION = YES;
				CLANG_WARN_OBJC_ROOT_CLASS = YES_ERROR;
				CLANG_WARN_RANGE_LOOP_ANALYSIS = YES;
				CLANG_WARN_STRICT_PROTOTYPES = YES;
				CLANG_WARN_SUSPICIOUS_MOVE = YES;
				CLANG_WARN_UNGUARDED_AVAILABILITY = YES_AGGRESSIVE;
				CLANG_WARN_UNREACHABLE_CODE = YES;
				CLANG_WARN__DUPLICATE_METHOD_MATCH = YES;
				CODE_SIGN_IDENTITY = "iPhone Developer";
				COPY_PHASE_STRIP = NO;
				DEBUG_INFORMATION_FORMAT = "dwarf-with-dsym";
				ENABLE_NS_ASSERTIONS = NO;
				ENABLE_STRICT_OBJC_MSGSEND = YES;
				GCC_C_LANGUAGE_STANDARD = gnu11;
				GCC_NO_COMMON_BLOCKS = YES;
				GCC_WARN_64_TO_32_BIT_CONVERSION = YES;
				GCC_WARN_ABOUT_RETURN_TYPE = YES_ERROR;
				GCC_WARN_UNDECLARED_SELECTOR = YES;
				GCC_WARN_UNINITIALIZED_AUTOS = YES_AGGRESSIVE;
				GCC_WARN_UNUSED_FUNCTION = YES;
				GCC_WARN_UNUSED_VARIABLE = YES;
				IPHONEOS_DEPLOYMENT_TARGET = 12.1;
				MTL_ENABLE_DEBUG_INFO = NO;
				MTL_FAST_MATH = YES;
				SDKROOT = iphoneos;
				SWIFT_COMPILATION_MODE = wholemodule;
				SWIFT_OPTIMIZATION_LEVEL = "-O";
				VALIDATE_PRODUCT = YES;
			};
			name = Release;
		};
		CEE4B16722822D5400FF4FB8 /* Debug */ = {
			isa = XCBuildConfiguration;
			buildSettings = {
				ASSETCATALOG_COMPILER_APPICON_NAME = AppIcon;
				CODE_SIGN_STYLE = Automatic;
				DEVELOPMENT_TEAM = P25E46B4MH;
				INFOPLIST_FILE = "$(SRCROOT)/OneFiMovies/Config/Info.plist";
				LD_RUNPATH_SEARCH_PATHS = (
					"$(inherited)",
					"@executable_path/Frameworks",
				);
				PRODUCT_BUNDLE_IDENTIFIER = com.gritwise.com.OneFiMovies;
				PRODUCT_NAME = "$(TARGET_NAME)";
				SWIFT_VERSION = 5.0;
				TARGETED_DEVICE_FAMILY = "1,2";
			};
			name = Debug;
		};
		CEE4B16822822D5400FF4FB8 /* Release */ = {
			isa = XCBuildConfiguration;
			buildSettings = {
				ASSETCATALOG_COMPILER_APPICON_NAME = AppIcon;
				CODE_SIGN_STYLE = Automatic;
				DEVELOPMENT_TEAM = P25E46B4MH;
				INFOPLIST_FILE = "$(SRCROOT)/OneFiMovies/Config/Info.plist";
				LD_RUNPATH_SEARCH_PATHS = (
					"$(inherited)",
					"@executable_path/Frameworks",
				);
				PRODUCT_BUNDLE_IDENTIFIER = com.gritwise.com.OneFiMovies;
				PRODUCT_NAME = "$(TARGET_NAME)";
				SWIFT_VERSION = 5.0;
				TARGETED_DEVICE_FAMILY = "1,2";
			};
			name = Release;
		};
		CEE4B16A22822D5400FF4FB8 /* Debug */ = {
			isa = XCBuildConfiguration;
			buildSettings = {
				ALWAYS_EMBED_SWIFT_STANDARD_LIBRARIES = YES;
				BUNDLE_LOADER = "$(TEST_HOST)";
				CODE_SIGN_STYLE = Automatic;
				DEVELOPMENT_TEAM = P25E46B4MH;
				INFOPLIST_FILE = OneFiMoviesTests/Info.plist;
				LD_RUNPATH_SEARCH_PATHS = (
					"$(inherited)",
					"@executable_path/Frameworks",
					"@loader_path/Frameworks",
				);
				PRODUCT_BUNDLE_IDENTIFIER = com.gritwise.com.OneFiMoviesTests;
				PRODUCT_NAME = "$(TARGET_NAME)";
				SWIFT_VERSION = 4.2;
				TARGETED_DEVICE_FAMILY = "1,2";
				TEST_HOST = "$(BUILT_PRODUCTS_DIR)/OneFiMovies.app/OneFiMovies";
			};
			name = Debug;
		};
		CEE4B16B22822D5400FF4FB8 /* Release */ = {
			isa = XCBuildConfiguration;
			buildSettings = {
				ALWAYS_EMBED_SWIFT_STANDARD_LIBRARIES = YES;
				BUNDLE_LOADER = "$(TEST_HOST)";
				CODE_SIGN_STYLE = Automatic;
				DEVELOPMENT_TEAM = P25E46B4MH;
				INFOPLIST_FILE = OneFiMoviesTests/Info.plist;
				LD_RUNPATH_SEARCH_PATHS = (
					"$(inherited)",
					"@executable_path/Frameworks",
					"@loader_path/Frameworks",
				);
				PRODUCT_BUNDLE_IDENTIFIER = com.gritwise.com.OneFiMoviesTests;
				PRODUCT_NAME = "$(TARGET_NAME)";
				SWIFT_VERSION = 4.2;
				TARGETED_DEVICE_FAMILY = "1,2";
				TEST_HOST = "$(BUILT_PRODUCTS_DIR)/OneFiMovies.app/OneFiMovies";
			};
			name = Release;
		};
		CEE4B16D22822D5400FF4FB8 /* Debug */ = {
			isa = XCBuildConfiguration;
			buildSettings = {
				ALWAYS_EMBED_SWIFT_STANDARD_LIBRARIES = YES;
				CODE_SIGN_STYLE = Automatic;
				DEVELOPMENT_TEAM = P25E46B4MH;
				INFOPLIST_FILE = OneFiMoviesUITests/Info.plist;
				LD_RUNPATH_SEARCH_PATHS = (
					"$(inherited)",
					"@executable_path/Frameworks",
					"@loader_path/Frameworks",
				);
				PRODUCT_BUNDLE_IDENTIFIER = com.gritwise.com.OneFiMoviesUITests;
				PRODUCT_NAME = "$(TARGET_NAME)";
				SWIFT_VERSION = 4.2;
				TARGETED_DEVICE_FAMILY = "1,2";
				TEST_TARGET_NAME = OneFiMovies;
			};
			name = Debug;
		};
		CEE4B16E22822D5400FF4FB8 /* Release */ = {
			isa = XCBuildConfiguration;
			buildSettings = {
				ALWAYS_EMBED_SWIFT_STANDARD_LIBRARIES = YES;
				CODE_SIGN_STYLE = Automatic;
				DEVELOPMENT_TEAM = P25E46B4MH;
				INFOPLIST_FILE = OneFiMoviesUITests/Info.plist;
				LD_RUNPATH_SEARCH_PATHS = (
					"$(inherited)",
					"@executable_path/Frameworks",
					"@loader_path/Frameworks",
				);
				PRODUCT_BUNDLE_IDENTIFIER = com.gritwise.com.OneFiMoviesUITests;
				PRODUCT_NAME = "$(TARGET_NAME)";
				SWIFT_VERSION = 4.2;
				TARGETED_DEVICE_FAMILY = "1,2";
				TEST_TARGET_NAME = OneFiMovies;
			};
			name = Release;
		};
/* End XCBuildConfiguration section */

/* Begin XCConfigurationList section */
		CEE4B13922822D5000FF4FB8 /* Build configuration list for PBXProject "OneFiMovies" */ = {
			isa = XCConfigurationList;
			buildConfigurations = (
				CEE4B16422822D5400FF4FB8 /* Debug */,
				CEE4B16522822D5400FF4FB8 /* Release */,
			);
			defaultConfigurationIsVisible = 0;
			defaultConfigurationName = Release;
		};
		CEE4B16622822D5400FF4FB8 /* Build configuration list for PBXNativeTarget "OneFiMovies" */ = {
			isa = XCConfigurationList;
			buildConfigurations = (
				CEE4B16722822D5400FF4FB8 /* Debug */,
				CEE4B16822822D5400FF4FB8 /* Release */,
			);
			defaultConfigurationIsVisible = 0;
			defaultConfigurationName = Release;
		};
		CEE4B16922822D5400FF4FB8 /* Build configuration list for PBXNativeTarget "OneFiMoviesTests" */ = {
			isa = XCConfigurationList;
			buildConfigurations = (
				CEE4B16A22822D5400FF4FB8 /* Debug */,
				CEE4B16B22822D5400FF4FB8 /* Release */,
			);
			defaultConfigurationIsVisible = 0;
			defaultConfigurationName = Release;
		};
		CEE4B16C22822D5400FF4FB8 /* Build configuration list for PBXNativeTarget "OneFiMoviesUITests" */ = {
			isa = XCConfigurationList;
			buildConfigurations = (
				CEE4B16D22822D5400FF4FB8 /* Debug */,
				CEE4B16E22822D5400FF4FB8 /* Release */,
			);
			defaultConfigurationIsVisible = 0;
			defaultConfigurationName = Release;
		};
/* End XCConfigurationList section */
	};
	rootObject = CEE4B13622822D5000FF4FB8 /* Project object */;
}
